#MicroXplorer Configuration settings - do not modify
ADC1.Channel-2\#ChannelRegularConversion=ADC_CHANNEL_1
ADC1.IPParameters=Rank-2\#ChannelRegularConversion,NbrOfConversionFlag,SamplingTime-2\#ChannelRegularConversion,Channel-2\#ChannelRegularConversion
ADC1.NbrOfConversionFlag=1
ADC1.Rank-2\#ChannelRegularConversion=1
ADC1.SamplingTime-2\#ChannelRegularConversion=ADC_SAMPLETIME_1CYCLE_5
File.Version=5
KeepUserPlacement=false
Mcu.Family=STM32F1
Mcu.IP0=ADC1
Mcu.IP1=I2C1
Mcu.IP2=NVIC
Mcu.IP3=RCC
Mcu.IP4=TIM2
Mcu.IPNb=5
Mcu.Name=STM32F103C(8-B)Tx
Mcu.Package=LQFP48
Mcu.Pin0=PC13-TAMPER-RTC
Mcu.Pin1=PA0-WKUP
Mcu.Pin10=PB5
Mcu.Pin11=PB6
Mcu.Pin12=PB7
Mcu.Pin2=PA1
Mcu.Pin3=PA2
Mcu.Pin4=PA6
Mcu.Pin5=PA7
Mcu.Pin6=PB10
Mcu.Pin7=PB11
Mcu.Pin8=PB13
Mcu.Pin9=PB14
Mcu.PinsNb=13
Mcu.UserConstants=
Mcu.UserName=STM32F103C8Tx
MxCube.Version=4.12.0
MxDb.Version=DB.4.0.120
NVIC.PriorityGroup=NVIC_PRIORITYGROUP_4
NVIC.SysTick_IRQn=true\:0\:0\:false
PA0-WKUP.GPIOParameters=GPIO_Label
PA0-WKUP.GPIO_Label=USER LED on Discovery
PA0-WKUP.Locked=true
PA0-WKUP.Signal=GPIO_Input
PA1.GPIOParameters=GPIO_Label
PA1.GPIO_Label=AIR TERMISTOR
PA1.Locked=true
PA1.Signal=ADCx_IN1
PA2.GPIOParameters=GPIO_Label
PA2.GPIO_Label=SOLDER TERMISTOR
PA2.Locked=true
PA2.Signal=ADCx_IN2
PA6.Locked=true
PA6.Signal=GPIO_Input
PA7.Locked=true
PA7.Signal=GPIO_Input
PB10.Signal=S_TIM2_CH3
PB11.Signal=S_TIM2_CH4
PB13.GPIOParameters=GPIO_Label
PB13.GPIO_Label=ENTER BTN
PB13.Locked=true
PB13.Signal=GPIO_Input
PB14.GPIOParameters=GPIO_Label
PB14.GPIO_Label=SELECT BTN
PB14.Locked=true
PB14.Signal=GPIO_Input
PB5.Locked=true
PB5.Signal=GPIO_Output
PB6.Mode=I2C
PB6.Signal=I2C1_SCL
PB7.Mode=I2C
PB7.Signal=I2C1_SDA
PC13-TAMPER-RTC.GPIOParameters=GPIO_Label
PC13-TAMPER-RTC.GPIO_Label=USER LED
PC13-TAMPER-RTC.Locked=true
PC13-TAMPER-RTC.Signal=GPIO_Output
PCC.Checker=false
PCC.Line=STM32F103
PCC.MCU=STM32F103C(8-B)Tx
PCC.MXVersion=4.12.0
PCC.PartNumber=STM32F103C8Tx
PCC.Seq0=0
PCC.Series=STM32F1
PCC.Temperature=25
PCC.Vdd=3.3
RCC.ADCFreqValue=1000000
RCC.AHBCLKDivider=RCC_SYSCLK_DIV4
RCC.AHBFreq_Value=2000000
RCC.APB1Freq_Value=2000000
RCC.APB1TimFreq_Value=2000000
RCC.APB2Freq_Value=2000000
RCC.APB2TimFreq_Value=2000000
RCC.FCLKCortexFreq_Value=2000000
RCC.FamilyName=M
RCC.HCLKFreq_Value=2000000
RCC.IPParameters=FamilyName,PLLMCOFreq_Value,APB1TimFreq_Value,AHBCLKDivider,APB2Freq_Value,HCLKFreq_Value,FCLKCortexFreq_Value,AHBFreq_Value,TimSysFreq_Value,ADCFreqValue,APB1Freq_Value,PLLCLKFreq_Value,APB2TimFreq_Value
RCC.PLLCLKFreq_Value=8000000
RCC.PLLMCOFreq_Value=4000000
RCC.TimSysFreq_Value=2000000
SH.ADCx_IN1.0=ADC1_IN1,IN1
SH.ADCx_IN1.ConfNb=1
SH.ADCx_IN2.0=ADC1_IN2,IN2
SH.ADCx_IN2.ConfNb=1
SH.S_TIM2_CH3.0=TIM2_CH3,Input_Capture3_from_TI3
SH.S_TIM2_CH3.ConfNb=1
SH.S_TIM2_CH4.0=TIM2_CH4,Input_Capture4_from_TI4
SH.S_TIM2_CH4.ConfNb=1
TIM2.Channel-Input_Capture3_from_TI3=TIM_CHANNEL_3
TIM2.Channel-Input_Capture4_from_TI4=TIM_CHANNEL_4
TIM2.IPParameters=Channel-Input_Capture3_from_TI3,Channel-Input_Capture4_from_TI4
